// !$*UTF8*$!
{
	archiveVersion = 1;
	classes = {
	};
	objectVersion = 46;
	objects = {

/* Begin PBXBuildFile section */
		2A09AF3D1B678908009531AE /* AppDelegate.swift in Sources */ = {isa = PBXBuildFile; fileRef = 2A09AF3C1B678908009531AE /* AppDelegate.swift */; };
		2A09AF3F1B678908009531AE /* ViewController.swift in Sources */ = {isa = PBXBuildFile; fileRef = 2A09AF3E1B678908009531AE /* ViewController.swift */; };
		2A09AF421B678908009531AE /* Main.storyboard in Resources */ = {isa = PBXBuildFile; fileRef = 2A09AF401B678908009531AE /* Main.storyboard */; };
		2A09AF441B678908009531AE /* Images.xcassets in Resources */ = {isa = PBXBuildFile; fileRef = 2A09AF431B678908009531AE /* Images.xcassets */; };
		2A09AF471B678908009531AE /* LaunchScreen.xib in Resources */ = {isa = PBXBuildFile; fileRef = 2A09AF451B678908009531AE /* LaunchScreen.xib */; };
		2A09AF531B678908009531AE /* SwiftProjectDemoTests.swift in Sources */ = {isa = PBXBuildFile; fileRef = 2A09AF521B678908009531AE /* SwiftProjectDemoTests.swift */; };
		2AED881E1B68711000DAA6DB /* EmployeeDataProviderKit.h in Headers */ = {isa = PBXBuildFile; fileRef = 2AED881D1B68711000DAA6DB /* EmployeeDataProviderKit.h */; settings = {ATTRIBUTES = (Public, ); }; };
		2AED88241B68711000DAA6DB /* EmployeeDataProviderKit.framework in Frameworks */ = {isa = PBXBuildFile; fileRef = 2AED88191B68711000DAA6DB /* EmployeeDataProviderKit.framework */; };
		2AED882D1B68711000DAA6DB /* EmployeeDataProviderKitTests.swift in Sources */ = {isa = PBXBuildFile; fileRef = 2AED882C1B68711000DAA6DB /* EmployeeDataProviderKitTests.swift */; };
		2AED88301B68711000DAA6DB /* EmployeeDataProviderKit.framework in Frameworks */ = {isa = PBXBuildFile; fileRef = 2AED88191B68711000DAA6DB /* EmployeeDataProviderKit.framework */; };
		2AED88311B68711000DAA6DB /* EmployeeDataProviderKit.framework in Embed Frameworks */ = {isa = PBXBuildFile; fileRef = 2AED88191B68711000DAA6DB /* EmployeeDataProviderKit.framework */; settings = {ATTRIBUTES = (CodeSignOnCopy, RemoveHeadersOnCopy, ); }; };
		2AED883A1B68713000DAA6DB /* BaseApiResponseModel.swift in Sources */ = {isa = PBXBuildFile; fileRef = 2AED88391B68713000DAA6DB /* BaseApiResponseModel.swift */; };
		53FD29B697679FACEB5E2353 /* Pods_SwiftProjectDemo.framework in Frameworks */ = {isa = PBXBuildFile; fileRef = 1F66C3D34DCCA19A59377DA5 /* Pods_SwiftProjectDemo.framework */; settings = {ATTRIBUTES = (Weak, ); }; };
/* End PBXBuildFile section */

/* Begin PBXContainerItemProxy section */
		2A09AF4D1B678908009531AE /* PBXContainerItemProxy */ = {
			isa = PBXContainerItemProxy;
			containerPortal = 2A09AF2F1B678908009531AE /* Project object */;
			proxyType = 1;
			remoteGlobalIDString = 2A09AF361B678908009531AE;
			remoteInfo = SwiftProjectDemo;
		};
		2AED88251B68711000DAA6DB /* PBXContainerItemProxy */ = {
			isa = PBXContainerItemProxy;
			containerPortal = 2A09AF2F1B678908009531AE /* Project object */;
			proxyType = 1;
			remoteGlobalIDString = 2AED88181B68711000DAA6DB;
			remoteInfo = EmployeeDataProviderKit;
		};
		2AED88271B68711000DAA6DB /* PBXContainerItemProxy */ = {
			isa = PBXContainerItemProxy;
			containerPortal = 2A09AF2F1B678908009531AE /* Project object */;
			proxyType = 1;
			remoteGlobalIDString = 2A09AF361B678908009531AE;
			remoteInfo = SwiftProjectDemo;
		};
		2AED882E1B68711000DAA6DB /* PBXContainerItemProxy */ = {
			isa = PBXContainerItemProxy;
			containerPortal = 2A09AF2F1B678908009531AE /* Project object */;
			proxyType = 1;
			remoteGlobalIDString = 2AED88181B68711000DAA6DB;
			remoteInfo = EmployeeDataProviderKit;
		};
/* End PBXContainerItemProxy section */

/* Begin PBXCopyFilesBuildPhase section */
		2AED88371B68711000DAA6DB /* Embed Frameworks */ = {
			isa = PBXCopyFilesBuildPhase;
			buildActionMask = 2147483647;
			dstPath = "";
			dstSubfolderSpec = 10;
			files = (
				2AED88311B68711000DAA6DB /* EmployeeDataProviderKit.framework in Embed Frameworks */,
			);
			name = "Embed Frameworks";
			runOnlyForDeploymentPostprocessing = 0;
		};
/* End PBXCopyFilesBuildPhase section */

/* Begin PBXFileReference section */
		087536DCD16DDE5F86011A5E /* Pods-SwiftProjectDemo.release.xcconfig */ = {isa = PBXFileReference; includeInIndex = 1; lastKnownFileType = text.xcconfig; name = "Pods-SwiftProjectDemo.release.xcconfig"; path = "Pods/Target Support Files/Pods-SwiftProjectDemo/Pods-SwiftProjectDemo.release.xcconfig"; sourceTree = "<group>"; };
		1F66C3D34DCCA19A59377DA5 /* Pods_SwiftProjectDemo.framework */ = {isa = PBXFileReference; explicitFileType = wrapper.framework; includeInIndex = 0; path = Pods_SwiftProjectDemo.framework; sourceTree = BUILT_PRODUCTS_DIR; };
		2A09AF371B678908009531AE /* SwiftProjectDemo.app */ = {isa = PBXFileReference; explicitFileType = wrapper.application; includeInIndex = 0; path = SwiftProjectDemo.app; sourceTree = BUILT_PRODUCTS_DIR; };
		2A09AF3B1B678908009531AE /* Info.plist */ = {isa = PBXFileReference; lastKnownFileType = text.plist.xml; path = Info.plist; sourceTree = "<group>"; };
		2A09AF3C1B678908009531AE /* AppDelegate.swift */ = {isa = PBXFileReference; lastKnownFileType = sourcecode.swift; path = AppDelegate.swift; sourceTree = "<group>"; };
		2A09AF3E1B678908009531AE /* ViewController.swift */ = {isa = PBXFileReference; lastKnownFileType = sourcecode.swift; path = ViewController.swift; sourceTree = "<group>"; };
		2A09AF411B678908009531AE /* Base */ = {isa = PBXFileReference; lastKnownFileType = file.storyboard; name = Base; path = Base.lproj/Main.storyboard; sourceTree = "<group>"; };
		2A09AF431B678908009531AE /* Images.xcassets */ = {isa = PBXFileReference; lastKnownFileType = folder.assetcatalog; path = Images.xcassets; sourceTree = "<group>"; };
		2A09AF461B678908009531AE /* Base */ = {isa = PBXFileReference; lastKnownFileType = file.xib; name = Base; path = Base.lproj/LaunchScreen.xib; sourceTree = "<group>"; };
		2A09AF4C1B678908009531AE /* SwiftProjectDemoTests.xctest */ = {isa = PBXFileReference; explicitFileType = wrapper.cfbundle; includeInIndex = 0; path = SwiftProjectDemoTests.xctest; sourceTree = BUILT_PRODUCTS_DIR; };
		2A09AF511B678908009531AE /* Info.plist */ = {isa = PBXFileReference; lastKnownFileType = text.plist.xml; path = Info.plist; sourceTree = "<group>"; };
		2A09AF521B678908009531AE /* SwiftProjectDemoTests.swift */ = {isa = PBXFileReference; lastKnownFileType = sourcecode.swift; path = SwiftProjectDemoTests.swift; sourceTree = "<group>"; };
		2AED88191B68711000DAA6DB /* EmployeeDataProviderKit.framework */ = {isa = PBXFileReference; explicitFileType = wrapper.framework; includeInIndex = 0; path = EmployeeDataProviderKit.framework; sourceTree = BUILT_PRODUCTS_DIR; };
		2AED881C1B68711000DAA6DB /* Info.plist */ = {isa = PBXFileReference; lastKnownFileType = text.plist.xml; path = Info.plist; sourceTree = "<group>"; };
		2AED881D1B68711000DAA6DB /* EmployeeDataProviderKit.h */ = {isa = PBXFileReference; lastKnownFileType = sourcecode.c.h; path = EmployeeDataProviderKit.h; sourceTree = "<group>"; };
		2AED88231B68711000DAA6DB /* EmployeeDataProviderKitTests.xctest */ = {isa = PBXFileReference; explicitFileType = wrapper.cfbundle; includeInIndex = 0; path = EmployeeDataProviderKitTests.xctest; sourceTree = BUILT_PRODUCTS_DIR; };
		2AED882B1B68711000DAA6DB /* Info.plist */ = {isa = PBXFileReference; lastKnownFileType = text.plist.xml; path = Info.plist; sourceTree = "<group>"; };
		2AED882C1B68711000DAA6DB /* EmployeeDataProviderKitTests.swift */ = {isa = PBXFileReference; lastKnownFileType = sourcecode.swift; path = EmployeeDataProviderKitTests.swift; sourceTree = "<group>"; };
		2AED88391B68713000DAA6DB /* BaseApiResponseModel.swift */ = {isa = PBXFileReference; fileEncoding = 4; lastKnownFileType = sourcecode.swift; path = BaseApiResponseModel.swift; sourceTree = "<group>"; };
		ADBA8CFFB759D14C626DECC2 /* Pods-SwiftProjectDemo.debug.xcconfig */ = {isa = PBXFileReference; includeInIndex = 1; lastKnownFileType = text.xcconfig; name = "Pods-SwiftProjectDemo.debug.xcconfig"; path = "Pods/Target Support Files/Pods-SwiftProjectDemo/Pods-SwiftProjectDemo.debug.xcconfig"; sourceTree = "<group>"; };
/* End PBXFileReference section */

/* Begin PBXFrameworksBuildPhase section */
		2A09AF341B678908009531AE /* Frameworks */ = {
			isa = PBXFrameworksBuildPhase;
			buildActionMask = 2147483647;
			files = (
				2AED88301B68711000DAA6DB /* EmployeeDataProviderKit.framework in Frameworks */,
				53FD29B697679FACEB5E2353 /* Pods_SwiftProjectDemo.framework in Frameworks */,
			);
			runOnlyForDeploymentPostprocessing = 0;
		};
		2A09AF491B678908009531AE /* Frameworks */ = {
			isa = PBXFrameworksBuildPhase;
			buildActionMask = 2147483647;
			files = (
			);
			runOnlyForDeploymentPostprocessing = 0;
		};
		2AED88151B68711000DAA6DB /* Frameworks */ = {
			isa = PBXFrameworksBuildPhase;
			buildActionMask = 2147483647;
			files = (
			);
			runOnlyForDeploymentPostprocessing = 0;
		};
		2AED88201B68711000DAA6DB /* Frameworks */ = {
			isa = PBXFrameworksBuildPhase;
			buildActionMask = 2147483647;
			files = (
				2AED88241B68711000DAA6DB /* EmployeeDataProviderKit.framework in Frameworks */,
			);
			runOnlyForDeploymentPostprocessing = 0;
		};
/* End PBXFrameworksBuildPhase section */

/* Begin PBXGroup section */
		2A09AF2E1B678908009531AE = {
			isa = PBXGroup;
			children = (
				2A09AF391B678908009531AE /* SwiftProjectDemo */,
				2A09AF4F1B678908009531AE /* SwiftProjectDemoTests */,
				2AED881A1B68711000DAA6DB /* EmployeeDataProviderKit */,
				2AED88291B68711000DAA6DB /* EmployeeDataProviderKitTests */,
				2A09AF381B678908009531AE /* Products */,
				613DDF78A66045530CAF40AF /* Pods */,
				DAE5E983BF038B026BD82E34 /* Frameworks */,
			);
			sourceTree = "<group>";
		};
		2A09AF381B678908009531AE /* Products */ = {
			isa = PBXGroup;
			children = (
				2A09AF371B678908009531AE /* SwiftProjectDemo.app */,
				2A09AF4C1B678908009531AE /* SwiftProjectDemoTests.xctest */,
				2AED88191B68711000DAA6DB /* EmployeeDataProviderKit.framework */,
				2AED88231B68711000DAA6DB /* EmployeeDataProviderKitTests.xctest */,
			);
			name = Products;
			sourceTree = "<group>";
		};
		2A09AF391B678908009531AE /* SwiftProjectDemo */ = {
			isa = PBXGroup;
			children = (
				2A09AF3C1B678908009531AE /* AppDelegate.swift */,
				2A09AF3E1B678908009531AE /* ViewController.swift */,
				2A09AF401B678908009531AE /* Main.storyboard */,
				2A09AF431B678908009531AE /* Images.xcassets */,
				2A09AF451B678908009531AE /* LaunchScreen.xib */,
				2A09AF3A1B678908009531AE /* Supporting Files */,
			);
			path = SwiftProjectDemo;
			sourceTree = "<group>";
		};
		2A09AF3A1B678908009531AE /* Supporting Files */ = {
			isa = PBXGroup;
			children = (
				2A09AF3B1B678908009531AE /* Info.plist */,
			);
			name = "Supporting Files";
			sourceTree = "<group>";
		};
		2A09AF4F1B678908009531AE /* SwiftProjectDemoTests */ = {
			isa = PBXGroup;
			children = (
				2A09AF521B678908009531AE /* SwiftProjectDemoTests.swift */,
				2A09AF501B678908009531AE /* Supporting Files */,
			);
			path = SwiftProjectDemoTests;
			sourceTree = "<group>";
		};
		2A09AF501B678908009531AE /* Supporting Files */ = {
			isa = PBXGroup;
			children = (
				2A09AF511B678908009531AE /* Info.plist */,
			);
			name = "Supporting Files";
			sourceTree = "<group>";
		};
		2AED881A1B68711000DAA6DB /* EmployeeDataProviderKit */ = {
			isa = PBXGroup;
			children = (
				2AED881D1B68711000DAA6DB /* EmployeeDataProviderKit.h */,
				2AED881B1B68711000DAA6DB /* Supporting Files */,
				2AED88391B68713000DAA6DB /* BaseApiResponseModel.swift */,
			);
			path = EmployeeDataProviderKit;
			sourceTree = "<group>";
		};
		2AED881B1B68711000DAA6DB /* Supporting Files */ = {
			isa = PBXGroup;
			children = (
				2AED881C1B68711000DAA6DB /* Info.plist */,
			);
			name = "Supporting Files";
			sourceTree = "<group>";
		};
		2AED88291B68711000DAA6DB /* EmployeeDataProviderKitTests */ = {
			isa = PBXGroup;
			children = (
				2AED882C1B68711000DAA6DB /* EmployeeDataProviderKitTests.swift */,
				2AED882A1B68711000DAA6DB /* Supporting Files */,
			);
			path = EmployeeDataProviderKitTests;
			sourceTree = "<group>";
		};
		2AED882A1B68711000DAA6DB /* Supporting Files */ = {
			isa = PBXGroup;
			children = (
				2AED882B1B68711000DAA6DB /* Info.plist */,
			);
			name = "Supporting Files";
			sourceTree = "<group>";
		};
		613DDF78A66045530CAF40AF /* Pods */ = {
			isa = PBXGroup;
			children = (
				ADBA8CFFB759D14C626DECC2 /* Pods-SwiftProjectDemo.debug.xcconfig */,
				087536DCD16DDE5F86011A5E /* Pods-SwiftProjectDemo.release.xcconfig */,
			);
			name = Pods;
			sourceTree = "<group>";
		};
		DAE5E983BF038B026BD82E34 /* Frameworks */ = {
			isa = PBXGroup;
			children = (
				1F66C3D34DCCA19A59377DA5 /* Pods_SwiftProjectDemo.framework */,
			);
			name = Frameworks;
			sourceTree = "<group>";
		};
/* End PBXGroup section */

/* Begin PBXHeadersBuildPhase section */
		2AED88161B68711000DAA6DB /* Headers */ = {
			isa = PBXHeadersBuildPhase;
			buildActionMask = 2147483647;
			files = (
				2AED881E1B68711000DAA6DB /* EmployeeDataProviderKit.h in Headers */,
			);
			runOnlyForDeploymentPostprocessing = 0;
		};
/* End PBXHeadersBuildPhase section */

/* Begin PBXNativeTarget section */
		2A09AF361B678908009531AE /* SwiftProjectDemo */ = {
			isa = PBXNativeTarget;
			buildConfigurationList = 2A09AF561B678908009531AE /* Build configuration list for PBXNativeTarget "SwiftProjectDemo" */;
			buildPhases = (
				6035A85E83EB81EEFDDBB2BE /* Check Pods Manifest.lock */,
				2A09AF331B678908009531AE /* Sources */,
				2A09AF341B678908009531AE /* Frameworks */,
				2A09AF351B678908009531AE /* Resources */,
				6711A68865ED391F870C54D8 /* Embed Pods Frameworks */,
				8715A516F7057B661382E5A8 /* Copy Pods Resources */,
				2AED88371B68711000DAA6DB /* Embed Frameworks */,
			);
			buildRules = (
			);
			dependencies = (
				2AED882F1B68711000DAA6DB /* PBXTargetDependency */,
			);
			name = SwiftProjectDemo;
			productName = SwiftProjectDemo;
			productReference = 2A09AF371B678908009531AE /* SwiftProjectDemo.app */;
			productType = "com.apple.product-type.application";
		};
		2A09AF4B1B678908009531AE /* SwiftProjectDemoTests */ = {
			isa = PBXNativeTarget;
			buildConfigurationList = 2A09AF591B678908009531AE /* Build configuration list for PBXNativeTarget "SwiftProjectDemoTests" */;
			buildPhases = (
				2A09AF481B678908009531AE /* Sources */,
				2A09AF491B678908009531AE /* Frameworks */,
				2A09AF4A1B678908009531AE /* Resources */,
			);
			buildRules = (
			);
			dependencies = (
				2A09AF4E1B678908009531AE /* PBXTargetDependency */,
			);
			name = SwiftProjectDemoTests;
			productName = SwiftProjectDemoTests;
			productReference = 2A09AF4C1B678908009531AE /* SwiftProjectDemoTests.xctest */;
			productType = "com.apple.product-type.bundle.unit-test";
		};
		2AED88181B68711000DAA6DB /* EmployeeDataProviderKit */ = {
			isa = PBXNativeTarget;
			buildConfigurationList = 2AED88361B68711000DAA6DB /* Build configuration list for PBXNativeTarget "EmployeeDataProviderKit" */;
			buildPhases = (
				2AED88141B68711000DAA6DB /* Sources */,
				2AED88151B68711000DAA6DB /* Frameworks */,
				2AED88161B68711000DAA6DB /* Headers */,
				2AED88171B68711000DAA6DB /* Resources */,
			);
			buildRules = (
			);
			dependencies = (
			);
			name = EmployeeDataProviderKit;
			productName = EmployeeDataProviderKit;
			productReference = 2AED88191B68711000DAA6DB /* EmployeeDataProviderKit.framework */;
			productType = "com.apple.product-type.framework";
		};
		2AED88221B68711000DAA6DB /* EmployeeDataProviderKitTests */ = {
			isa = PBXNativeTarget;
			buildConfigurationList = 2AED88381B68711000DAA6DB /* Build configuration list for PBXNativeTarget "EmployeeDataProviderKitTests" */;
			buildPhases = (
				2AED881F1B68711000DAA6DB /* Sources */,
				2AED88201B68711000DAA6DB /* Frameworks */,
				2AED88211B68711000DAA6DB /* Resources */,
			);
			buildRules = (
			);
			dependencies = (
				2AED88261B68711000DAA6DB /* PBXTargetDependency */,
				2AED88281B68711000DAA6DB /* PBXTargetDependency */,
			);
			name = EmployeeDataProviderKitTests;
			productName = EmployeeDataProviderKitTests;
			productReference = 2AED88231B68711000DAA6DB /* EmployeeDataProviderKitTests.xctest */;
			productType = "com.apple.product-type.bundle.unit-test";
		};
/* End PBXNativeTarget section */

/* Begin PBXProject section */
		2A09AF2F1B678908009531AE /* Project object */ = {
			isa = PBXProject;
			attributes = {
				LastUpgradeCheck = 0640;
				ORGANIZATIONNAME = PerryChen;
				TargetAttributes = {
					2A09AF361B678908009531AE = {
						CreatedOnToolsVersion = 6.4;
					};
					2A09AF4B1B678908009531AE = {
						CreatedOnToolsVersion = 6.4;
						TestTargetID = 2A09AF361B678908009531AE;
					};
					2AED88181B68711000DAA6DB = {
						CreatedOnToolsVersion = 6.4;
					};
					2AED88221B68711000DAA6DB = {
						CreatedOnToolsVersion = 6.4;
						TestTargetID = 2A09AF361B678908009531AE;
					};
				};
			};
			buildConfigurationList = 2A09AF321B678908009531AE /* Build configuration list for PBXProject "SwiftProjectDemo" */;
			compatibilityVersion = "Xcode 3.2";
			developmentRegion = English;
			hasScannedForEncodings = 0;
			knownRegions = (
				en,
				Base,
			);
			mainGroup = 2A09AF2E1B678908009531AE;
			productRefGroup = 2A09AF381B678908009531AE /* Products */;
			projectDirPath = "";
			projectRoot = "";
			targets = (
				2A09AF361B678908009531AE /* SwiftProjectDemo */,
				2A09AF4B1B678908009531AE /* SwiftProjectDemoTests */,
				2AED88181B68711000DAA6DB /* EmployeeDataProviderKit */,
				2AED88221B68711000DAA6DB /* EmployeeDataProviderKitTests */,
			);
		};
/* End PBXProject section */

/* Begin PBXResourcesBuildPhase section */
		2A09AF351B678908009531AE /* Resources */ = {
			isa = PBXResourcesBuildPhase;
			buildActionMask = 2147483647;
			files = (
				2A09AF421B678908009531AE /* Main.storyboard in Resources */,
				2A09AF471B678908009531AE /* LaunchScreen.xib in Resources */,
				2A09AF441B678908009531AE /* Images.xcassets in Resources */,
			);
			runOnlyForDeploymentPostprocessing = 0;
		};
		2A09AF4A1B678908009531AE /* Resources */ = {
			isa = PBXResourcesBuildPhase;
			buildActionMask = 2147483647;
			files = (
			);
			runOnlyForDeploymentPostprocessing = 0;
		};
		2AED88171B68711000DAA6DB /* Resources */ = {
			isa = PBXResourcesBuildPhase;
			buildActionMask = 2147483647;
			files = (
			);
			runOnlyForDeploymentPostprocessing = 0;
		};
		2AED88211B68711000DAA6DB /* Resources */ = {
			isa = PBXResourcesBuildPhase;
			buildActionMask = 2147483647;
			files = (
			);
			runOnlyForDeploymentPostprocessing = 0;
		};
/* End PBXResourcesBuildPhase section */

/* Begin PBXShellScriptBuildPhase section */
		6035A85E83EB81EEFDDBB2BE /* Check Pods Manifest.lock */ = {
			isa = PBXShellScriptBuildPhase;
			buildActionMask = 2147483647;
			files = (
			);
			inputPaths = (
			);
			name = "Check Pods Manifest.lock";
			outputPaths = (
			);
			runOnlyForDeploymentPostprocessing = 0;
			shellPath = /bin/sh;
			shellScript = "diff \"${PODS_ROOT}/../Podfile.lock\" \"${PODS_ROOT}/Manifest.lock\" > /dev/null\nif [[ $? != 0 ]] ; then\n    cat << EOM\nerror: The sandbox is not in sync with the Podfile.lock. Run 'pod install' or update your CocoaPods installation.\nEOM\n    exit 1\nfi\n";
			showEnvVarsInLog = 0;
		};
		6711A68865ED391F870C54D8 /* Embed Pods Frameworks */ = {
			isa = PBXShellScriptBuildPhase;
			buildActionMask = 2147483647;
			files = (
			);
			inputPaths = (
			);
			name = "Embed Pods Frameworks";
			outputPaths = (
			);
			runOnlyForDeploymentPostprocessing = 0;
			shellPath = /bin/sh;
			shellScript = "\"${SRCROOT}/Pods/Target Support Files/Pods-SwiftProjectDemo/Pods-SwiftProjectDemo-frameworks.sh\"\n";
			showEnvVarsInLog = 0;
		};
		8715A516F7057B661382E5A8 /* Copy Pods Resources */ = {
			isa = PBXShellScriptBuildPhase;
			buildActionMask = 2147483647;
			files = (
			);
			inputPaths = (
			);
			name = "Copy Pods Resources";
			outputPaths = (
			);
			runOnlyForDeploymentPostprocessing = 0;
			shellPath = /bin/sh;
			shellScript = "\"${SRCROOT}/Pods/Target Support Files/Pods-SwiftProjectDemo/Pods-SwiftProjectDemo-resources.sh\"\n";
			showEnvVarsInLog = 0;
		};
/* End PBXShellScriptBuildPhase section */

/* Begin PBXSourcesBuildPhase section */
		2A09AF331B678908009531AE /* Sources */ = {
			isa = PBXSourcesBuildPhase;
			buildActionMask = 2147483647;
			files = (
				2A09AF3F1B678908009531AE /* ViewController.swift in Sources */,
				2A09AF3D1B678908009531AE /* AppDelegate.swift in Sources */,
			);
			runOnlyForDeploymentPostprocessing = 0;
		};
		2A09AF481B678908009531AE /* Sources */ = {
			isa = PBXSourcesBuildPhase;
			buildActionMask = 2147483647;
			files = (
				2A09AF531B678908009531AE /* SwiftProjectDemoTests.swift in Sources */,
			);
			runOnlyForDeploymentPostprocessing = 0;
		};
		2AED88141B68711000DAA6DB /* Sources */ = {
			isa = PBXSourcesBuildPhase;
			buildActionMask = 2147483647;
			files = (
				2AED883A1B68713000DAA6DB /* BaseApiResponseModel.swift in Sources */,
			);
			runOnlyForDeploymentPostprocessing = 0;
		};
		2AED881F1B68711000DAA6DB /* Sources */ = {
			isa = PBXSourcesBuildPhase;
			buildActionMask = 2147483647;
			files = (
				2AED882D1B68711000DAA6DB /* EmployeeDataProviderKitTests.swift in Sources */,
			);
			runOnlyForDeploymentPostprocessing = 0;
		};
/* End PBXSourcesBuildPhase section */

/* Begin PBXTargetDependency section */
		2A09AF4E1B678908009531AE /* PBXTargetDependency */ = {
			isa = PBXTargetDependency;
			target = 2A09AF361B678908009531AE /* SwiftProjectDemo */;
			targetProxy = 2A09AF4D1B678908009531AE /* PBXContainerItemProxy */;
		};
		2AED88261B68711000DAA6DB /* PBXTargetDependency */ = {
			isa = PBXTargetDependency;
			target = 2AED88181B68711000DAA6DB /* EmployeeDataProviderKit */;
			targetProxy = 2AED88251B68711000DAA6DB /* PBXContainerItemProxy */;
		};
		2AED88281B68711000DAA6DB /* PBXTargetDependency */ = {
			isa = PBXTargetDependency;
			target = 2A09AF361B678908009531AE /* SwiftProjectDemo */;
			targetProxy = 2AED88271B68711000DAA6DB /* PBXContainerItemProxy */;
		};
		2AED882F1B68711000DAA6DB /* PBXTargetDependency */ = {
			isa = PBXTargetDependency;
			target = 2AED88181B68711000DAA6DB /* EmployeeDataProviderKit */;
			targetProxy = 2AED882E1B68711000DAA6DB /* PBXContainerItemProxy */;
		};
/* End PBXTargetDependency section */

/* Begin PBXVariantGroup section */
		2A09AF401B678908009531AE /* Main.storyboard */ = {
			isa = PBXVariantGroup;
			children = (
				2A09AF411B678908009531AE /* Base */,
			);
			name = Main.storyboard;
			sourceTree = "<group>";
		};
		2A09AF451B678908009531AE /* LaunchScreen.xib */ = {
			isa = PBXVariantGroup;
			children = (
				2A09AF461B678908009531AE /* Base */,
			);
			name = LaunchScreen.xib;
			sourceTree = "<group>";
		};
/* End PBXVariantGroup section */

/* Begin XCBuildConfiguration section */
		2A09AF541B678908009531AE /* Debug */ = {
			isa = XCBuildConfiguration;
			buildSettings = {
				ALWAYS_SEARCH_USER_PATHS = NO;
				CLANG_CXX_LANGUAGE_STANDARD = "gnu++0x";
				CLANG_CXX_LIBRARY = "libc++";
				CLANG_ENABLE_MODULES = YES;
				CLANG_ENABLE_OBJC_ARC = YES;
				CLANG_WARN_BOOL_CONVERSION = YES;
				CLANG_WARN_CONSTANT_CONVERSION = YES;
				CLANG_WARN_DIRECT_OBJC_ISA_USAGE = YES_ERROR;
				CLANG_WARN_EMPTY_BODY = YES;
				CLANG_WARN_ENUM_CONVERSION = YES;
				CLANG_WARN_INT_CONVERSION = YES;
				CLANG_WARN_OBJC_ROOT_CLASS = YES_ERROR;
				CLANG_WARN_UNREACHABLE_CODE = YES;
				CLANG_WARN__DUPLICATE_METHOD_MATCH = YES;
				"CODE_SIGN_IDENTITY[sdk=iphoneos*]" = "iPhone Developer";
				COPY_PHASE_STRIP = NO;
				DEBUG_INFORMATION_FORMAT = "dwarf-with-dsym";
				ENABLE_STRICT_OBJC_MSGSEND = YES;
				GCC_C_LANGUAGE_STANDARD = gnu99;
				GCC_DYNAMIC_NO_PIC = NO;
				GCC_NO_COMMON_BLOCKS = YES;
				GCC_OPTIMIZATION_LEVEL = 0;
				GCC_PREPROCESSOR_DEFINITIONS = (
					"DEBUG=1",
					"$(inherited)",
				);
				GCC_SYMBOLS_PRIVATE_EXTERN = NO;
				GCC_WARN_64_TO_32_BIT_CONVERSION = YES;
				GCC_WARN_ABOUT_RETURN_TYPE = YES_ERROR;
				GCC_WARN_UNDECLARED_SELECTOR = YES;
				GCC_WARN_UNINITIALIZED_AUTOS = YES_AGGRESSIVE;
				GCC_WARN_UNUSED_FUNCTION = YES;
				GCC_WARN_UNUSED_VARIABLE = YES;
				IPHONEOS_DEPLOYMENT_TARGET = 8.4;
				MTL_ENABLE_DEBUG_INFO = YES;
				ONLY_ACTIVE_ARCH = YES;
				SDKROOT = iphoneos;
				SWIFT_OPTIMIZATION_LEVEL = "-Onone";
				TARGETED_DEVICE_FAMILY = "1,2";
			};
			name = Debug;
		};
		2A09AF551B678908009531AE /* Release */ = {
			isa = XCBuildConfiguration;
			buildSettings = {
				ALWAYS_SEARCH_USER_PATHS = NO;
				CLANG_CXX_LANGUAGE_STANDARD = "gnu++0x";
				CLANG_CXX_LIBRARY = "libc++";
				CLANG_ENABLE_MODULES = YES;
				CLANG_ENABLE_OBJC_ARC = YES;
				CLANG_WARN_BOOL_CONVERSION = YES;
				CLANG_WARN_CONSTANT_CONVERSION = YES;
				CLANG_WARN_DIRECT_OBJC_ISA_USAGE = YES_ERROR;
				CLANG_WARN_EMPTY_BODY = YES;
				CLANG_WARN_ENUM_CONVERSION = YES;
				CLANG_WARN_INT_CONVERSION = YES;
				CLANG_WARN_OBJC_ROOT_CLASS = YES_ERROR;
				CLANG_WARN_UNREACHABLE_CODE = YES;
				CLANG_WARN__DUPLICATE_METHOD_MATCH = YES;
				"CODE_SIGN_IDENTITY[sdk=iphoneos*]" = "iPhone Developer";
				COPY_PHASE_STRIP = NO;
				DEBUG_INFORMATION_FORMAT = "dwarf-with-dsym";
				ENABLE_NS_ASSERTIONS = NO;
				ENABLE_STRICT_OBJC_MSGSEND = YES;
				GCC_C_LANGUAGE_STANDARD = gnu99;
				GCC_NO_COMMON_BLOCKS = YES;
				GCC_WARN_64_TO_32_BIT_CONVERSION = YES;
				GCC_WARN_ABOUT_RETURN_TYPE = YES_ERROR;
				GCC_WARN_UNDECLARED_SELECTOR = YES;
				GCC_WARN_UNINITIALIZED_AUTOS = YES_AGGRESSIVE;
				GCC_WARN_UNUSED_FUNCTION = YES;
				GCC_WARN_UNUSED_VARIABLE = YES;
				IPHONEOS_DEPLOYMENT_TARGET = 8.4;
				MTL_ENABLE_DEBUG_INFO = NO;
				SDKROOT = iphoneos;
				TARGETED_DEVICE_FAMILY = "1,2";
				VALIDATE_PRODUCT = YES;
			};
			name = Release;
		};
		2A09AF571B678908009531AE /* Debug */ = {
			isa = XCBuildConfiguration;
			baseConfigurationReference = ADBA8CFFB759D14C626DECC2 /* Pods-SwiftProjectDemo.debug.xcconfig */;
			buildSettings = {
				ASSETCATALOG_COMPILER_APPICON_NAME = AppIcon;
				INFOPLIST_FILE = SwiftProjectDemo/Info.plist;
				LD_RUNPATH_SEARCH_PATHS = "$(inherited) @executable_path/Frameworks";
				PRODUCT_NAME = "$(TARGET_NAME)";
			};
			name = Debug;
		};
		2A09AF581B678908009531AE /* Release */ = {
			isa = XCBuildConfiguration;
			baseConfigurationReference = 087536DCD16DDE5F86011A5E /* Pods-SwiftProjectDemo.release.xcconfig */;
			buildSettings = {
				ASSETCATALOG_COMPILER_APPICON_NAME = AppIcon;
				INFOPLIST_FILE = SwiftProjectDemo/Info.plist;
				LD_RUNPATH_SEARCH_PATHS = "$(inherited) @executable_path/Frameworks";
				PRODUCT_NAME = "$(TARGET_NAME)";
			};
			name = Release;
		};
		2A09AF5A1B678908009531AE /* Debug */ = {
			isa = XCBuildConfiguration;
			buildSettings = {
				BUNDLE_LOADER = "$(TEST_HOST)";
				FRAMEWORK_SEARCH_PATHS = (
					"$(SDKROOT)/Developer/Library/Frameworks",
					"$(inherited)",
				);
				GCC_PREPROCESSOR_DEFINITIONS = (
					"DEBUG=1",
					"$(inherited)",
				);
				INFOPLIST_FILE = SwiftProjectDemoTests/Info.plist;
				LD_RUNPATH_SEARCH_PATHS = "$(inherited) @executable_path/Frameworks @loader_path/Frameworks";
				PRODUCT_NAME = "$(TARGET_NAME)";
				TEST_HOST = "$(BUILT_PRODUCTS_DIR)/SwiftProjectDemo.app/SwiftProjectDemo";
			};
			name = Debug;
		};
		2A09AF5B1B678908009531AE /* Release */ = {
			isa = XCBuildConfiguration;
			buildSettings = {
				BUNDLE_LOADER = "$(TEST_HOST)";
				FRAMEWORK_SEARCH_PATHS = (
					"$(SDKROOT)/Developer/Library/Frameworks",
					"$(inherited)",
				);
				INFOPLIST_FILE = SwiftProjectDemoTests/Info.plist;
				LD_RUNPATH_SEARCH_PATHS = "$(inherited) @executable_path/Frameworks @loader_path/Frameworks";
				PRODUCT_NAME = "$(TARGET_NAME)";
				TEST_HOST = "$(BUILT_PRODUCTS_DIR)/SwiftProjectDemo.app/SwiftProjectDemo";
			};
			name = Release;
		};
		2AED88321B68711000DAA6DB /* Debug */ = {
			isa = XCBuildConfiguration;
			buildSettings = {
				CLANG_ENABLE_MODULES = YES;
				CURRENT_PROJECT_VERSION = 1;
				DEFINES_MODULE = YES;
				DYLIB_COMPATIBILITY_VERSION = 1;
				DYLIB_CURRENT_VERSION = 1;
				DYLIB_INSTALL_NAME_BASE = "@rpath";
				GCC_PREPROCESSOR_DEFINITIONS = (
					"DEBUG=1",
					"$(inherited)",
				);
				INFOPLIST_FILE = EmployeeDataProviderKit/Info.plist;
				INSTALL_PATH = "$(LOCAL_LIBRARY_DIR)/Frameworks";
				LD_RUNPATH_SEARCH_PATHS = "$(inherited) @executable_path/Frameworks @loader_path/Frameworks";
				PRODUCT_NAME = "$(TARGET_NAME)";
				SKIP_INSTALL = YES;
				SWIFT_OPTIMIZATION_LEVEL = "-Onone";
				VERSIONING_SYSTEM = "apple-generic";
				VERSION_INFO_PREFIX = "";
			};
			name = Debug;
		};
		2AED88331B68711000DAA6DB /* Release */ = {
			isa = XCBuildConfiguration;
			buildSettings = {
				CLANG_ENABLE_MODULES = YES;
				CURRENT_PROJECT_VERSION = 1;
				DEFINES_MODULE = YES;
				DYLIB_COMPATIBILITY_VERSION = 1;
				DYLIB_CURRENT_VERSION = 1;
				DYLIB_INSTALL_NAME_BASE = "@rpath";
				INFOPLIST_FILE = EmployeeDataProviderKit/Info.plist;
				INSTALL_PATH = "$(LOCAL_LIBRARY_DIR)/Frameworks";
				LD_RUNPATH_SEARCH_PATHS = "$(inherited) @executable_path/Frameworks @loader_path/Frameworks";
				PRODUCT_NAME = "$(TARGET_NAME)";
				SKIP_INSTALL = YES;
				VERSIONING_SYSTEM = "apple-generic";
				VERSION_INFO_PREFIX = "";
			};
			name = Release;
		};
		2AED88341B68711000DAA6DB /* Debug */ = {
			isa = XCBuildConfiguration;
			buildSettings = {
				FRAMEWORK_SEARCH_PATHS = (
					"$(SDKROOT)/Developer/Library/Frameworks",
					"$(inherited)",
				);
				GCC_PREPROCESSOR_DEFINITIONS = (
					"DEBUG=1",
					"$(inherited)",
				);
				INFOPLIST_FILE = EmployeeDataProviderKitTests/Info.plist;
				LD_RUNPATH_SEARCH_PATHS = "$(inherited) @executable_path/Frameworks @loader_path/Frameworks";
				PRODUCT_NAME = "$(TARGET_NAME)";
				TEST_HOST = "$(BUILT_PRODUCTS_DIR)/SwiftProjectDemo.app/SwiftProjectDemo";
			};
			name = Debug;
		};
		2AED88351B68711000DAA6DB /* Release */ = {
			isa = XCBuildConfiguration;
			buildSettings = {
				FRAMEWORK_SEARCH_PATHS = (
					"$(SDKROOT)/Developer/Library/Frameworks",
					"$(inherited)",
				);
				INFOPLIST_FILE = EmployeeDataProviderKitTests/Info.plist;
				LD_RUNPATH_SEARCH_PATHS = "$(inherited) @executable_path/Frameworks @loader_path/Frameworks";
				PRODUCT_NAME = "$(TARGET_NAME)";
				TEST_HOST = "$(BUILT_PRODUCTS_DIR)/SwiftProjectDemo.app/SwiftProjectDemo";
			};
			name = Release;
		};
/* End XCBuildConfiguration section */

/* Begin XCConfigurationList section */
		2A09AF321B678908009531AE /* Build configuration list for PBXProject "SwiftProjectDemo" */ = {
			isa = XCConfigurationList;
			buildConfigurations = (
				2A09AF541B678908009531AE /* Debug */,
				2A09AF551B678908009531AE /* Release */,
			);
			defaultConfigurationIsVisible = 0;
			defaultConfigurationName = Release;
		};
		2A09AF561B678908009531AE /* Build configuration list for PBXNativeTarget "SwiftProjectDemo" */ = {
			isa = XCConfigurationList;
			buildConfigurations = (
				2A09AF571B678908009531AE /* Debug */,
				2A09AF581B678908009531AE /* Release */,
			);
			defaultConfigurationIsVisible = 0;
			defaultConfigurationName = Release;
		};
		2A09AF591B678908009531AE /* Build configuration list for PBXNativeTarget "SwiftProjectDemoTests" */ = {
			isa = XCConfigurationList;
			buildConfigurations = (
				2A09AF5A1B678908009531AE /* Debug */,
				2A09AF5B1B678908009531AE /* Release */,
			);
			defaultConfigurationIsVisible = 0;
			defaultConfigurationName = Release;
		};
		2AED88361B68711000DAA6DB /* Build configuration list for PBXNativeTarget "EmployeeDataProviderKit" */ = {
			isa = XCConfigurationList;
			buildConfigurations = (
				2AED88321B68711000DAA6DB /* Debug */,
				2AED88331B68711000DAA6DB /* Release */,
			);
			defaultConfigurationIsVisible = 0;
		};
		2AED88381B68711000DAA6DB /* Build configuration list for PBXNativeTarget "EmployeeDataProviderKitTests" */ = {
			isa = XCConfigurationList;
			buildConfigurations = (
				2AED88341B68711000DAA6DB /* Debug */,
				2AED88351B68711000DAA6DB /* Release */,
			);
			defaultConfigurationIsVisible = 0;
		};
/* End XCConfigurationList section */
	};
	rootObject = 2A09AF2F1B678908009531AE /* Project object */;
}
